{
  "name": "private-npm-test",
  "version": "1.0.0",
  "lockfileVersion": 1,
  "requires": true,
  "dependencies": {
    "ranck-npm-private-test-package": {
      "version": "1.0.0",
      "resolved": "http://10.0.0.71:4873/ranck-npm-private-test-package/-/ranck-npm-private-test-package-1.0.0.tgz",
      "integrity": "sha512-vR4y0ryk6lGWQuKBcocfloypJU2wtS+l+IsWPntCzASKbHwOOUYQA2u/L3Z+5h8UEvKULLJ4zgkVFcwcq5riSw=="
    }
  }
}
